
Microsoft Visual Studio Solution File, Format Version 12.00
# Visual Studio Version 16
VisualStudioVersion = 16.0.30011.22
MinimumVisualStudioVersion = 10.0.40219.1
Project("{FAE04EC0-301F-11D3-BF4B-00C04F79EFBC}") = "BuscaAeroportos", "BuscaAeroportos\BuscaAeroportos.csproj", "{4D7ECAF2-97CF-4027-9A27-E2FA883AB47B}"
EndProject
Global
	GlobalSection(SolutionConfigurationPlatforms) = preSolution
		Debug|Any CPU = Debug|Any CPU
		Release|Any CPU = Release|Any CPU
	EndGlobalSection
	GlobalSection(ProjectConfigurationPlatforms) = postSolution
		{4D7ECAF2-97CF-4027-9A27-E2FA883AB47B}.Debug|Any CPU.ActiveCfg = Debug|Any CPU
		{4D7ECAF2-97CF-4027-9A27-E2FA883AB47B}.Debug|Any CPU.Build.0 = Debug|Any CPU
		{4D7ECAF2-97CF-4027-9A27-E2FA883AB47B}.Release|Any CPU.ActiveCfg = Release|Any CPU
		{4D7ECAF2-97CF-4027-9A27-E2FA883AB47B}.Release|Any CPU.Build.0 = Release|Any CPU
	EndGlobalSection
	GlobalSection(SolutionProperties) = preSolution
		HideSolutionNode = FALSE
	EndGlobalSection
	GlobalSection(ExtensibilityGlobals) = postSolution
		SolutionGuid = {D3A8B066-CC74-4514-80CF-ED8738336D99}
	EndGlobalSection
EndGlobal
